<?xml version="1.0" encoding="utf-8"?>
<Project ToolsVersion="4.0" xmlns="http://schemas.microsoft.com/developer/msbuild/2003">
  <ItemGroup>
    <Filter Include="Source Files">
      <UniqueIdentifier>{4FC737F1-C7A5-4376-A066-2A32D752A2FF}</UniqueIdentifier>
      <Extensions>cpp;c;cc;cxx;def;odl;idl;hpj;bat;asm;asmx</Extensions>
    </Filter>
    <Filter Include="Header Files">
      <UniqueIdentifier>{93995380-89BD-4b04-88EB-625FBE52EBFB}</UniqueIdentifier>
      <Extensions>h;hpp;hxx;hm;inl;inc;xsd</Extensions>
    </Filter>
    <Filter Include="Resource Files">
      <UniqueIdentifier>{67DA6AB6-F800-4c08-8B7A-83BB121AAD01}</UniqueIdentifier>
      <Extensions>rc;ico;cur;bmp;dlg;rc2;rct;bin;rgs;gif;jpg;jpeg;jpe;resx;tiff;tif;png;wav;mfcribbon-ms</Extensions>
    </Filter>
  </ItemGroup>
  <ItemGroup>
    <None Include="ReadMe.txt" />
    <None Include="res\NetScanDemo.rc2">
      <Filter>Resource Files</Filter>
    </None>
    <None Include="res\NetScanDemo.ico">
      <Filter>Resource Files</Filter>
    </None>
  </ItemGroup>
  <ItemGroup>
    <ClInclude Include="NetScanDemo.h">
      <Filter>Header Files</Filter>
    </ClInclude>
    <ClInclude Include="NetScanDemoDlg.h">
      <Filter>Header Files</Filter>
    </ClInclude>
    <ClInclude Include="stdafx.h">
      <Filter>Header Files</Filter>
    </ClInclude>
    <ClInclude Include="targetver.h">
      <Filter>Header Files</Filter>
    </ClInclude>
    <ClInclude Include="Resource.h">
      <Filter>Header Files</Filter>
    </ClInclude>
    <ClInclude Include="CPrtJobDlg.h">
      <Filter>Header Files</Filter>
    </ClInclude>
    <ClInclude Include="CImgLayerSetDlg.h">
      <Filter>Header Files</Filter>
    </ClInclude>
    <ClInclude Include="RyTreeListCtl.h">
      <Filter>Header Files</Filter>
    </ClInclude>
    <ClInclude Include="SWTreeCtrl.h">
      <Filter>Header Files</Filter>
    </ClInclude>
    <ClInclude Include="CRelaodWaveDlg.h">
      <Filter>Header Files</Filter>
    </ClInclude>
    <ClInclude Include="CVTSetDlg.h">
      <Filter>Header Files</Filter>
    </ClInclude>
    <ClInclude Include="CSysParamDlg.h">
      <Filter>Header Files</Filter>
    </ClInclude>
    <ClInclude Include="CAdjParamDlg.h">
      <Filter>Header Files</Filter>
    </ClInclude>
    <ClInclude Include="CLackJetDlg.h">
      <Filter>Header Files</Filter>
    </ClInclude>
    <ClInclude Include="PicScreen.h">
      <Filter>Header Files</Filter>
    </ClInclude>
    <ClInclude Include="CMoveCtlDlg.h">
      <Filter>Header Files</Filter>
    </ClInclude>
    <ClInclude Include="CAirInkDialog.h">
      <Filter>Header Files</Filter>
    </ClInclude>
    <ClInclude Include="StaticBox.h">
      <Filter>Header Files</Filter>
    </ClInclude>
    <ClInclude Include="CAdibCtrlDlg.h">
      <Filter>Header Files</Filter>
    </ClInclude>
    <ClInclude Include="ImportListCtrl.h">
      <Filter>Header Files</Filter>
    </ClInclude>
    <ClInclude Include="InkStateCtrl.h">
      <Filter>Header Files</Filter>
    </ClInclude>
  </ItemGroup>
  <ItemGroup>
    <ClCompile Include="NetScanDemo.cpp">
      <Filter>Source Files</Filter>
    </ClCompile>
    <ClCompile Include="NetScanDemoDlg.cpp">
      <Filter>Source Files</Filter>
    </ClCompile>
    <ClCompile Include="stdafx.cpp">
      <Filter>Source Files</Filter>
    </ClCompile>
    <ClCompile Include="CPrtJobDlg.cpp">
      <Filter>Source Files</Filter>
    </ClCompile>
    <ClCompile Include="CImgLayerSetDlg.cpp">
      <Filter>Source Files</Filter>
    </ClCompile>
    <ClCompile Include="RyTreeListCtl.cpp">
      <Filter>Source Files</Filter>
    </ClCompile>
    <ClCompile Include="SWTreeCtrl.cpp">
      <Filter>Source Files</Filter>
    </ClCompile>
    <ClCompile Include="CRelaodWaveDlg.cpp">
      <Filter>Source Files</Filter>
    </ClCompile>
    <ClCompile Include="CVTSetDlg.cpp">
      <Filter>Source Files</Filter>
    </ClCompile>
    <ClCompile Include="CSysParamDlg.cpp">
      <Filter>Source Files</Filter>
    </ClCompile>
    <ClCompile Include="CAdjParamDlg.cpp">
      <Filter>Source Files</Filter>
    </ClCompile>
    <ClCompile Include="CLackJetDlg.cpp">
      <Filter>Source Files</Filter>
    </ClCompile>
    <ClCompile Include="PicScreen.cpp">
      <Filter>Source Files</Filter>
    </ClCompile>
    <ClCompile Include="CMoveCtlDlg.cpp">
      <Filter>Source Files</Filter>
    </ClCompile>
    <ClCompile Include="CAirInkDialog.cpp">
      <Filter>Source Files</Filter>
    </ClCompile>
    <ClCompile Include="StaticBox.cpp">
      <Filter>Source Files</Filter>
    </ClCompile>
    <ClCompile Include="CAdibCtrlDlg.cpp">
      <Filter>Source Files</Filter>
    </ClCompile>
    <ClCompile Include="ImportListCtrl.cpp">
      <Filter>Source Files</Filter>
    </ClCompile>
    <ClCompile Include="InkStateCtrl.cpp">
      <Filter>Source Files</Filter>
    </ClCompile>
  </ItemGroup>
  <ItemGroup>
    <ResourceCompile Include="NetScanDemo.rc">
      <Filter>Resource Files</Filter>
    </ResourceCompile>
  </ItemGroup>
</Project>